
Microsoft Visual Studio Solution File, Format Version 12.00
# Visual Studio 2015
Project("{FAE04EC0-301F-11D3-BF4B-00C04F79EFBC}") = "LifeGame.CSharp.Plugins", "LifeGame.CSharp.Plugins.csproj", "{3735EC75-CD1E-067D-E458-2671EC322A21}"
EndProject
Project("{FAE04EC0-301F-11D3-BF4B-00C04F79EFBC}") = "LifeGame.CSharp", "LifeGame.CSharp.csproj", "{0A2F6291-555C-7AAE-090A-6695A703B2FF}"
EndProject
Project("{FAE04EC0-301F-11D3-BF4B-00C04F79EFBC}") = "LifeGame.CSharp.Editor", "LifeGame.CSharp.Editor.csproj", "{AD8707D4-4BCE-AE8E-88B8-20475E2FC185}"
EndProject
Global
	GlobalSection(SolutionConfigurationPlatforms) = preSolution
		Debug|Any CPU = Debug|Any CPU
		Release|Any CPU = Release|Any CPU
	EndGlobalSection
	GlobalSection(ProjectConfigurationPlatforms) = postSolution
		{3735EC75-CD1E-067D-E458-2671EC322A21}.Debug|Any CPU.ActiveCfg = Debug|Any CPU
		{3735EC75-CD1E-067D-E458-2671EC322A21}.Debug|Any CPU.Build.0 = Debug|Any CPU
		{3735EC75-CD1E-067D-E458-2671EC322A21}.Release|Any CPU.ActiveCfg = Release|Any CPU
		{3735EC75-CD1E-067D-E458-2671EC322A21}.Release|Any CPU.Build.0 = Release|Any CPU
		{0A2F6291-555C-7AAE-090A-6695A703B2FF}.Debug|Any CPU.ActiveCfg = Debug|Any CPU
		{0A2F6291-555C-7AAE-090A-6695A703B2FF}.Debug|Any CPU.Build.0 = Debug|Any CPU
		{0A2F6291-555C-7AAE-090A-6695A703B2FF}.Release|Any CPU.ActiveCfg = Release|Any CPU
		{0A2F6291-555C-7AAE-090A-6695A703B2FF}.Release|Any CPU.Build.0 = Release|Any CPU
		{AD8707D4-4BCE-AE8E-88B8-20475E2FC185}.Debug|Any CPU.ActiveCfg = Debug|Any CPU
		{AD8707D4-4BCE-AE8E-88B8-20475E2FC185}.Debug|Any CPU.Build.0 = Debug|Any CPU
		{AD8707D4-4BCE-AE8E-88B8-20475E2FC185}.Release|Any CPU.ActiveCfg = Release|Any CPU
		{AD8707D4-4BCE-AE8E-88B8-20475E2FC185}.Release|Any CPU.Build.0 = Release|Any CPU
	EndGlobalSection
	GlobalSection(SolutionProperties) = preSolution
		HideSolutionNode = FALSE
	EndGlobalSection
EndGlobal
